
Microsoft Visual Studio Solution File, Format Version 12.00
# Visual Studio Version 16
VisualStudioVersion = 16.0.31321.278
MinimumVisualStudioVersion = 10.0.40219.1
Project("{FAE04EC0-301F-11D3-BF4B-00C04F79EFBC}") = "ProjectMgmt2", "ProjectMgmt2\ProjectMgmt2.csproj", "{E27E7F64-768A-4236-ACFF-D15D467D9671}"
EndProject
Global
	GlobalSection(SolutionConfigurationPlatforms) = preSolution
		Debug|Any CPU = Debug|Any CPU
		Release|Any CPU = Release|Any CPU
	EndGlobalSection
	GlobalSection(ProjectConfigurationPlatforms) = postSolution
		{E27E7F64-768A-4236-ACFF-D15D467D9671}.Debug|Any CPU.ActiveCfg = Debug|Any CPU
		{E27E7F64-768A-4236-ACFF-D15D467D9671}.Debug|Any CPU.Build.0 = Debug|Any CPU
		{E27E7F64-768A-4236-ACFF-D15D467D9671}.Release|Any CPU.ActiveCfg = Release|Any CPU
		{E27E7F64-768A-4236-ACFF-D15D467D9671}.Release|Any CPU.Build.0 = Release|Any CPU
	EndGlobalSection
	GlobalSection(SolutionProperties) = preSolution
		HideSolutionNode = FALSE
	EndGlobalSection
	GlobalSection(ExtensibilityGlobals) = postSolution
		SolutionGuid = {55D36939-BE2F-4B90-AA18-E940B91E1972}
	EndGlobalSection
EndGlobal
